
Microsoft Visual Studio Solution File, Format Version 12.00
# Visual Studio Version 16
VisualStudioVersion = 16.0.32428.217
MinimumVisualStudioVersion = 10.0.40219.1
Project("{FAE04EC0-301F-11D3-BF4B-00C04F79EFBC}") = "WsRFBReginV2", "WsRFBReginV2\WsRFBReginV2.csproj", "{F90914FE-4D16-4077-8BFA-158DEBF0D92E}"
EndProject
Global
	GlobalSection(SolutionConfigurationPlatforms) = preSolution
		Debug|Any CPU = Debug|Any CPU
		Release|Any CPU = Release|Any CPU
	EndGlobalSection
	GlobalSection(ProjectConfigurationPlatforms) = postSolution
		{F90914FE-4D16-4077-8BFA-158DEBF0D92E}.Debug|Any CPU.ActiveCfg = Debug|Any CPU
		{F90914FE-4D16-4077-8BFA-158DEBF0D92E}.Debug|Any CPU.Build.0 = Debug|Any CPU
		{F90914FE-4D16-4077-8BFA-158DEBF0D92E}.Release|Any CPU.ActiveCfg = Release|Any CPU
		{F90914FE-4D16-4077-8BFA-158DEBF0D92E}.Release|Any CPU.Build.0 = Release|Any CPU
	EndGlobalSection
	GlobalSection(SolutionProperties) = preSolution
		HideSolutionNode = FALSE
	EndGlobalSection
	GlobalSection(ExtensibilityGlobals) = postSolution
		SolutionGuid = {DD13D486-7E23-4D7F-84BC-B0073337001F}
	EndGlobalSection
EndGlobal
