
Microsoft Visual Studio Solution File, Format Version 12.00
# Visual Studio Version 16
VisualStudioVersion = 16.0.30413.136
MinimumVisualStudioVersion = 10.0.40219.1
Project("{FAE04EC0-301F-11D3-BF4B-00C04F79EFBC}") = "psc.Ruc.Tablelas.DAL", "psc.Ruc.Tablelas.DAL.csproj", "{DA55D9EC-0B71-4D1E-BEA0-171501D39B0B}"
EndProject
Global
	GlobalSection(SolutionConfigurationPlatforms) = preSolution
		Debug|Any CPU = Debug|Any CPU
		Release|Any CPU = Release|Any CPU
	EndGlobalSection
	GlobalSection(ProjectConfigurationPlatforms) = postSolution
		{DA55D9EC-0B71-4D1E-BEA0-171501D39B0B}.Debug|Any CPU.ActiveCfg = Debug|Any CPU
		{DA55D9EC-0B71-4D1E-BEA0-171501D39B0B}.Debug|Any CPU.Build.0 = Debug|Any CPU
		{DA55D9EC-0B71-4D1E-BEA0-171501D39B0B}.Release|Any CPU.ActiveCfg = Release|Any CPU
		{DA55D9EC-0B71-4D1E-BEA0-171501D39B0B}.Release|Any CPU.Build.0 = Release|Any CPU
	EndGlobalSection
	GlobalSection(SolutionProperties) = preSolution
		HideSolutionNode = FALSE
	EndGlobalSection
	GlobalSection(ExtensibilityGlobals) = postSolution
		SolutionGuid = {5506ED00-BABE-4658-9651-337A55C5B662}
	EndGlobalSection
EndGlobal
